// !$*UTF8*$!
{
	archiveVersion = 1;
	classes = {
	};
	objectVersion = 56;
	objects = {

/* Begin PBXBuildFile section */
		180421242C6FA7BA002502F7 /* SecondSectionNibCell.xib in Resources */ = {isa = PBXBuildFile; fileRef = 180421232C6FA7BA002502F7 /* SecondSectionNibCell.xib */; };
		180421252C6FA7BA002502F7 /* SecondSectionNibCell.swift in Sources */ = {isa = PBXBuildFile; fileRef = 180421222C6FA7BA002502F7 /* SecondSectionNibCell.swift */; };
		180F3DD12C73E788006CD640 /* DataSourceManger.swift in Sources */ = {isa = PBXBuildFile; fileRef = 180F3DD02C73E788006CD640 /* DataSourceManger.swift */; };
		180F3DD42C73F825006CD640 /* CoreDataManager.swift in Sources */ = {isa = PBXBuildFile; fileRef = 180F3DD32C73F825006CD640 /* CoreDataManager.swift */; };
		180F3DD62C73F8F8006CD640 /* Converter.swift in Sources */ = {isa = PBXBuildFile; fileRef = 180F3DD52C73F8F8006CD640 /* Converter.swift */; };
		18309D7E2C6B8EDC00FCA36B /* AppDelegate.swift in Sources */ = {isa = PBXBuildFile; fileRef = 18309D7D2C6B8EDC00FCA36B /* AppDelegate.swift */; };
		18309D802C6B8EDC00FCA36B /* SceneDelegate.swift in Sources */ = {isa = PBXBuildFile; fileRef = 18309D7F2C6B8EDC00FCA36B /* SceneDelegate.swift */; };
		18309D822C6B8EDC00FCA36B /* HomeSportsVC.swift in Sources */ = {isa = PBXBuildFile; fileRef = 18309D812C6B8EDC00FCA36B /* HomeSportsVC.swift */; };
		18309D852C6B8EDC00FCA36B /* Base in Resources */ = {isa = PBXBuildFile; fileRef = 18309D842C6B8EDC00FCA36B /* Base */; };
		18309D882C6B8EDC00FCA36B /* GamePlay.xcdatamodeld in Sources */ = {isa = PBXBuildFile; fileRef = 18309D862C6B8EDC00FCA36B /* GamePlay.xcdatamodeld */; };
		18309D8A2C6B8EDE00FCA36B /* Assets.xcassets in Resources */ = {isa = PBXBuildFile; fileRef = 18309D892C6B8EDE00FCA36B /* Assets.xcassets */; };
		18309D8D2C6B8EDE00FCA36B /* Base in Resources */ = {isa = PBXBuildFile; fileRef = 18309D8C2C6B8EDE00FCA36B /* Base */; };
		18309D982C6B8EDE00FCA36B /* GamePlayTests.swift in Sources */ = {isa = PBXBuildFile; fileRef = 18309D972C6B8EDE00FCA36B /* GamePlayTests.swift */; };
		18309DA22C6B8EDE00FCA36B /* GamePlayUITests.swift in Sources */ = {isa = PBXBuildFile; fileRef = 18309DA12C6B8EDE00FCA36B /* GamePlayUITests.swift */; };
		18309DA42C6B8EDE00FCA36B /* GamePlayUITestsLaunchTests.swift in Sources */ = {isa = PBXBuildFile; fileRef = 18309DA32C6B8EDE00FCA36B /* GamePlayUITestsLaunchTests.swift */; };
		18309DBA2C6B947100FCA36B /* LeaguesModel.swift in Sources */ = {isa = PBXBuildFile; fileRef = 18309DB92C6B947100FCA36B /* LeaguesModel.swift */; };
		18309DBC2C6B94A600FCA36B /* NetworkService.swift in Sources */ = {isa = PBXBuildFile; fileRef = 18309DBB2C6B94A600FCA36B /* NetworkService.swift */; };
		18309DBF2C6B94E700FCA36B /* Alamofire in Frameworks */ = {isa = PBXBuildFile; productRef = 18309DBE2C6B94E700FCA36B /* Alamofire */; };
		18309DC42C6B9AA600FCA36B /* DataParser.swift in Sources */ = {isa = PBXBuildFile; fileRef = 18309DC32C6B9AA600FCA36B /* DataParser.swift */; };
		18309DC62C6B9F4700FCA36B /* Result.swift in Sources */ = {isa = PBXBuildFile; fileRef = 18309DC52C6B9F4700FCA36B /* Result.swift */; };
		18309DC92C6BB32B00FCA36B /* BGConstans.swift in Sources */ = {isa = PBXBuildFile; fileRef = 18309DC82C6BB32B00FCA36B /* BGConstans.swift */; };
		18309DCB2C6BD7D300FCA36B /* BasketballModel.swift in Sources */ = {isa = PBXBuildFile; fileRef = 18309DCA2C6BD7D300FCA36B /* BasketballModel.swift */; };
		18309DCF2C6BEABF00FCA36B /* HomeCollectionViewCell.swift in Sources */ = {isa = PBXBuildFile; fileRef = 18309DCD2C6BEABF00FCA36B /* HomeCollectionViewCell.swift */; };
		18309DD02C6BEABF00FCA36B /* HomeCollectionViewCell.xib in Resources */ = {isa = PBXBuildFile; fileRef = 18309DCE2C6BEABF00FCA36B /* HomeCollectionViewCell.xib */; };
		18309DD42C6BEC1900FCA36B /* Table&CollectionsExtinsions.swift in Sources */ = {isa = PBXBuildFile; fileRef = 18309DD22C6BEC1900FCA36B /* Table&CollectionsExtinsions.swift */; };
		18309DD62C6BED1700FCA36B /* HomeViewModel.swift in Sources */ = {isa = PBXBuildFile; fileRef = 18309DD52C6BED1700FCA36B /* HomeViewModel.swift */; };
		18309DD82C6BED4A00FCA36B /* HomeModel.swift in Sources */ = {isa = PBXBuildFile; fileRef = 18309DD72C6BED4A00FCA36B /* HomeModel.swift */; };
		183FB0792C72375C004ACEB8 /* DateManger.swift in Sources */ = {isa = PBXBuildFile; fileRef = 183FB0782C72375C004ACEB8 /* DateManger.swift */; };
		183FB07B2C723934004ACEB8 /* APIParameters.swift in Sources */ = {isa = PBXBuildFile; fileRef = 183FB07A2C723934004ACEB8 /* APIParameters.swift */; };
		183FB07E2C725914004ACEB8 /* TeamsModel.swift in Sources */ = {isa = PBXBuildFile; fileRef = 183FB07D2C725914004ACEB8 /* TeamsModel.swift */; };
		183FB4BA2C74989500BB0992 /* MockNetworkService.swift in Sources */ = {isa = PBXBuildFile; fileRef = 183FB4B92C74989500BB0992 /* MockNetworkService.swift */; };
		183FB4BE2C74AA0D00BB0992 /* LeaguesDetailsViewModelTests.swift in Sources */ = {isa = PBXBuildFile; fileRef = 183FB4BD2C74AA0D00BB0992 /* LeaguesDetailsViewModelTests.swift */; };
		183FB4C32C74C1C000BB0992 /* MockManger.swift in Sources */ = {isa = PBXBuildFile; fileRef = 183FB4C22C74C1C000BB0992 /* MockManger.swift */; };
		183FB4C52C74C26900BB0992 /* MockMangerService.swift in Sources */ = {isa = PBXBuildFile; fileRef = 183FB4C42C74C26900BB0992 /* MockMangerService.swift */; };
		183FB4C72C74CB9400BB0992 /* NetworkServiceTesting.swift in Sources */ = {isa = PBXBuildFile; fileRef = 183FB4C62C74CB9400BB0992 /* NetworkServiceTesting.swift */; };
		183FB4C92C74D15400BB0992 /* CoreDataMangerTest.swift in Sources */ = {isa = PBXBuildFile; fileRef = 183FB4C82C74D15400BB0992 /* CoreDataMangerTest.swift */; };
		183FB4CB2C74D4C100BB0992 /* FavModel.swift in Sources */ = {isa = PBXBuildFile; fileRef = 183FB4CA2C74D4C100BB0992 /* FavModel.swift */; };
		183FB4CF2C74E1E700BB0992 /* LeaguesTesting.swift in Sources */ = {isa = PBXBuildFile; fileRef = 183FB4CE2C74E1E700BB0992 /* LeaguesTesting.swift */; };
		183FB4D12C74ED3E00BB0992 /* TeamDetails.swift in Sources */ = {isa = PBXBuildFile; fileRef = 183FB4D02C74ED3E00BB0992 /* TeamDetails.swift */; };
		183FB4D32C74F13200BB0992 /* HomeTesting.swift in Sources */ = {isa = PBXBuildFile; fileRef = 183FB4D22C74F13200BB0992 /* HomeTesting.swift */; };
		183FB4D62C75059B00BB0992 /* NetworkChecking.swift in Sources */ = {isa = PBXBuildFile; fileRef = 183FB4D52C75059B00BB0992 /* NetworkChecking.swift */; };
		183FB4DE2C7512C800BB0992 /* WidgetKit.framework in Frameworks */ = {isa = PBXBuildFile; fileRef = 183FB4DD2C7512C800BB0992 /* WidgetKit.framework */; };
		183FB4E02C7512C800BB0992 /* SwiftUI.framework in Frameworks */ = {isa = PBXBuildFile; fileRef = 183FB4DF2C7512C800BB0992 /* SwiftUI.framework */; };
		183FB4E32C7512C800BB0992 /* GamePlayWidgetBundle.swift in Sources */ = {isa = PBXBuildFile; fileRef = 183FB4E22C7512C800BB0992 /* GamePlayWidgetBundle.swift */; };
		183FB4E52C7512C800BB0992 /* GamePlayWidgetLiveActivity.swift in Sources */ = {isa = PBXBuildFile; fileRef = 183FB4E42C7512C800BB0992 /* GamePlayWidgetLiveActivity.swift */; };
		183FB4E72C7512C800BB0992 /* GamePlayWidget.swift in Sources */ = {isa = PBXBuildFile; fileRef = 183FB4E62C7512C800BB0992 /* GamePlayWidget.swift */; };
		183FB4E92C7512C800BB0992 /* AppIntent.swift in Sources */ = {isa = PBXBuildFile; fileRef = 183FB4E82C7512C800BB0992 /* AppIntent.swift */; };
		183FB4EB2C7512CA00BB0992 /* Assets.xcassets in Resources */ = {isa = PBXBuildFile; fileRef = 183FB4EA2C7512CA00BB0992 /* Assets.xcassets */; };
		183FB4EF2C7512CA00BB0992 /* GamePlayWidgetExtension.appex in Embed Foundation Extensions */ = {isa = PBXBuildFile; fileRef = 183FB4DB2C7512C800BB0992 /* GamePlayWidgetExtension.appex */; settings = {ATTRIBUTES = (RemoveHeadersOnCopy, ); }; };
		183FB4F72C75204B00BB0992 /* CheckConnectionTesting.swift in Sources */ = {isa = PBXBuildFile; fileRef = 183FB4F62C75204B00BB0992 /* CheckConnectionTesting.swift */; };
		1849FADC2C70280900995D0D /* LeaguesDetailsViewModel.swift in Sources */ = {isa = PBXBuildFile; fileRef = 1849FADB2C70280900995D0D /* LeaguesDetailsViewModel.swift */; };
		1849FADE2C70296400995D0D /* ComingEventsModel.swift in Sources */ = {isa = PBXBuildFile; fileRef = 1849FADD2C70296400995D0D /* ComingEventsModel.swift */; };
		186F138D2C6CBEEC00D957AB /* LeaguesVC.swift in Sources */ = {isa = PBXBuildFile; fileRef = 186F138C2C6CBEEC00D957AB /* LeaguesVC.swift */; };
		186F13902C6CC56E00D957AB /* HomeCollectionViewUISetup.swift in Sources */ = {isa = PBXBuildFile; fileRef = 186F138F2C6CC56E00D957AB /* HomeCollectionViewUISetup.swift */; };
		186F13922C6CD1D000D957AB /* LeaguesViewModel.swift in Sources */ = {isa = PBXBuildFile; fileRef = 186F13912C6CD1D000D957AB /* LeaguesViewModel.swift */; };
		186F13992C6CD2FB00D957AB /* LeaguesCollectionViewCell.swift in Sources */ = {isa = PBXBuildFile; fileRef = 186F13972C6CD2FB00D957AB /* LeaguesCollectionViewCell.swift */; };
		186F139A2C6CD2FB00D957AB /* LeaguesCollectionViewCell.xib in Resources */ = {isa = PBXBuildFile; fileRef = 186F13982C6CD2FB00D957AB /* LeaguesCollectionViewCell.xib */; };
		186F139E2C6CE6CA00D957AB /* Kingfisher in Frameworks */ = {isa = PBXBuildFile; productRef = 186F139D2C6CE6CA00D957AB /* Kingfisher */; };
		186F13A12C6CE84100D957AB /* LoadImage.swift in Sources */ = {isa = PBXBuildFile; fileRef = 186F13A02C6CE84100D957AB /* LoadImage.swift */; };
		189B56912C6F75A900E1DA8C /* LeaguesCollectionViewUISetup.swift in Sources */ = {isa = PBXBuildFile; fileRef = 189B56902C6F75A900E1DA8C /* LeaguesCollectionViewUISetup.swift */; };
		189B56932C6F780100E1DA8C /* CricketModel.swift in Sources */ = {isa = PBXBuildFile; fileRef = 189B56922C6F780100E1DA8C /* CricketModel.swift */; };
		189B56952C6F782A00E1DA8C /* TennisModel.swift in Sources */ = {isa = PBXBuildFile; fileRef = 189B56942C6F782A00E1DA8C /* TennisModel.swift */; };
		189B569B2C6F9D7400E1DA8C /* LeagueDetailsVC.swift in Sources */ = {isa = PBXBuildFile; fileRef = 189B569A2C6F9D7400E1DA8C /* LeagueDetailsVC.swift */; };
		189B56A12C6F9FBF00E1DA8C /* FirstSectionNibCell.xib in Resources */ = {isa = PBXBuildFile; fileRef = 189B56A02C6F9FBF00E1DA8C /* FirstSectionNibCell.xib */; };
		189B56A22C6F9FBF00E1DA8C /* FirstSectionNibCell.swift in Sources */ = {isa = PBXBuildFile; fileRef = 189B569F2C6F9FBF00E1DA8C /* FirstSectionNibCell.swift */; };
		18AED2962C73089A003DC646 /* TeamDetailsVC.swift in Sources */ = {isa = PBXBuildFile; fileRef = 18AED2952C73089A003DC646 /* TeamDetailsVC.swift */; };
		18AED29A2C730F30003DC646 /* PlayerNibCell.swift in Sources */ = {isa = PBXBuildFile; fileRef = 18AED2982C730F30003DC646 /* PlayerNibCell.swift */; };
		18AED29B2C730F30003DC646 /* PlayerNibCell.xib in Resources */ = {isa = PBXBuildFile; fileRef = 18AED2992C730F30003DC646 /* PlayerNibCell.xib */; };
		18AED29D2C7343F4003DC646 /* TeamDetailsViewModel.swift in Sources */ = {isa = PBXBuildFile; fileRef = 18AED29C2C7343F4003DC646 /* TeamDetailsViewModel.swift */; };
		18AED2A02C737BFD003DC646 /* TeamModel.swift in Sources */ = {isa = PBXBuildFile; fileRef = 18AED29F2C737BFD003DC646 /* TeamModel.swift */; };
		18AED2A22C737FB9003DC646 /* PlayerModel.swift in Sources */ = {isa = PBXBuildFile; fileRef = 18AED2A12C737FB9003DC646 /* PlayerModel.swift */; };
		18AED2A42C738002003DC646 /* E:DHelperModel.swift in Sources */ = {isa = PBXBuildFile; fileRef = 18AED2A32C738002003DC646 /* E:DHelperModel.swift */; };
		18AED2A62C738010003DC646 /* CoachModel.swift in Sources */ = {isa = PBXBuildFile; fileRef = 18AED2A52C738010003DC646 /* CoachModel.swift */; };
		18AED2A82C738497003DC646 /* TeamResult.swift in Sources */ = {isa = PBXBuildFile; fileRef = 18AED2A72C738497003DC646 /* TeamResult.swift */; };
		18AED2AB2C73B535003DC646 /* Extensions.swift in Sources */ = {isa = PBXBuildFile; fileRef = 18AED2AA2C73B535003DC646 /* Extensions.swift */; };
		18AED2AF2C73B6FA003DC646 /* LeagueDetailsExtensions.swift in Sources */ = {isa = PBXBuildFile; fileRef = 18AED2AE2C73B6FA003DC646 /* LeagueDetailsExtensions.swift */; };
/* End PBXBuildFile section */

/* Begin PBXContainerItemProxy section */
		18309D942C6B8EDE00FCA36B /* PBXContainerItemProxy */ = {
			isa = PBXContainerItemProxy;
			containerPortal = 18309D722C6B8EDC00FCA36B /* Project object */;
			proxyType = 1;
			remoteGlobalIDString = 18309D792C6B8EDC00FCA36B;
			remoteInfo = GamePlay;
		};
		18309D9E2C6B8EDE00FCA36B /* PBXContainerItemProxy */ = {
			isa = PBXContainerItemProxy;
			containerPortal = 18309D722C6B8EDC00FCA36B /* Project object */;
			proxyType = 1;
			remoteGlobalIDString = 18309D792C6B8EDC00FCA36B;
			remoteInfo = GamePlay;
		};
		183FB4ED2C7512CA00BB0992 /* PBXContainerItemProxy */ = {
			isa = PBXContainerItemProxy;
			containerPortal = 18309D722C6B8EDC00FCA36B /* Project object */;
			proxyType = 1;
			remoteGlobalIDString = 183FB4DA2C7512C800BB0992;
			remoteInfo = GamePlayWidgetExtension;
		};
/* End PBXContainerItemProxy section */

/* Begin PBXCopyFilesBuildPhase section */
		183FB4F32C7512CA00BB0992 /* Embed Foundation Extensions */ = {
			isa = PBXCopyFilesBuildPhase;
			buildActionMask = 2147483647;
			dstPath = "";
			dstSubfolderSpec = 13;
			files = (
				183FB4EF2C7512CA00BB0992 /* GamePlayWidgetExtension.appex in Embed Foundation Extensions */,
			);
			name = "Embed Foundation Extensions";
			runOnlyForDeploymentPostprocessing = 0;
		};
/* End PBXCopyFilesBuildPhase section */

/* Begin PBXFileReference section */
		180421222C6FA7BA002502F7 /* SecondSectionNibCell.swift */ = {isa = PBXFileReference; lastKnownFileType = sourcecode.swift; path = SecondSectionNibCell.swift; sourceTree = "<group>"; };
		180421232C6FA7BA002502F7 /* SecondSectionNibCell.xib */ = {isa = PBXFileReference; lastKnownFileType = file.xib; path = SecondSectionNibCell.xib; sourceTree = "<group>"; };
		180F3DD02C73E788006CD640 /* DataSourceManger.swift */ = {isa = PBXFileReference; lastKnownFileType = sourcecode.swift; path = DataSourceManger.swift; sourceTree = "<group>"; };
		180F3DD32C73F825006CD640 /* CoreDataManager.swift */ = {isa = PBXFileReference; fileEncoding = 4; lastKnownFileType = sourcecode.swift; path = CoreDataManager.swift; sourceTree = "<group>"; };
		180F3DD52C73F8F8006CD640 /* Converter.swift */ = {isa = PBXFileReference; fileEncoding = 4; lastKnownFileType = sourcecode.swift; path = Converter.swift; sourceTree = "<group>"; };
		18309D7A2C6B8EDC00FCA36B /* GamePlay.app */ = {isa = PBXFileReference; explicitFileType = wrapper.application; includeInIndex = 0; path = GamePlay.app; sourceTree = BUILT_PRODUCTS_DIR; };
		18309D7D2C6B8EDC00FCA36B /* AppDelegate.swift */ = {isa = PBXFileReference; lastKnownFileType = sourcecode.swift; path = AppDelegate.swift; sourceTree = "<group>"; };
		18309D7F2C6B8EDC00FCA36B /* SceneDelegate.swift */ = {isa = PBXFileReference; lastKnownFileType = sourcecode.swift; path = SceneDelegate.swift; sourceTree = "<group>"; };
		18309D812C6B8EDC00FCA36B /* HomeSportsVC.swift */ = {isa = PBXFileReference; lastKnownFileType = sourcecode.swift; path = HomeSportsVC.swift; sourceTree = "<group>"; };
		18309D842C6B8EDC00FCA36B /* Base */ = {isa = PBXFileReference; lastKnownFileType = file.storyboard; name = Base; path = Base.lproj/Main.storyboard; sourceTree = "<group>"; };
		18309D872C6B8EDC00FCA36B /* GamePlay.xcdatamodel */ = {isa = PBXFileReference; lastKnownFileType = wrapper.xcdatamodel; path = GamePlay.xcdatamodel; sourceTree = "<group>"; };
		18309D892C6B8EDE00FCA36B /* Assets.xcassets */ = {isa = PBXFileReference; lastKnownFileType = folder.assetcatalog; path = Assets.xcassets; sourceTree = "<group>"; };
		18309D8C2C6B8EDE00FCA36B /* Base */ = {isa = PBXFileReference; lastKnownFileType = file.storyboard; name = Base; path = Base.lproj/LaunchScreen.storyboard; sourceTree = "<group>"; };
		18309D8E2C6B8EDE00FCA36B /* Info.plist */ = {isa = PBXFileReference; lastKnownFileType = text.plist.xml; path = Info.plist; sourceTree = "<group>"; };
		18309D932C6B8EDE00FCA36B /* GamePlayTests.xctest */ = {isa = PBXFileReference; explicitFileType = wrapper.cfbundle; includeInIndex = 0; path = GamePlayTests.xctest; sourceTree = BUILT_PRODUCTS_DIR; };
		18309D972C6B8EDE00FCA36B /* GamePlayTests.swift */ = {isa = PBXFileReference; lastKnownFileType = sourcecode.swift; path = GamePlayTests.swift; sourceTree = "<group>"; };
		18309D9D2C6B8EDE00FCA36B /* GamePlayUITests.xctest */ = {isa = PBXFileReference; explicitFileType = wrapper.cfbundle; includeInIndex = 0; path = GamePlayUITests.xctest; sourceTree = BUILT_PRODUCTS_DIR; };
		18309DA12C6B8EDE00FCA36B /* GamePlayUITests.swift */ = {isa = PBXFileReference; lastKnownFileType = sourcecode.swift; path = GamePlayUITests.swift; sourceTree = "<group>"; };
		18309DA32C6B8EDE00FCA36B /* GamePlayUITestsLaunchTests.swift */ = {isa = PBXFileReference; lastKnownFileType = sourcecode.swift; path = GamePlayUITestsLaunchTests.swift; sourceTree = "<group>"; };
		18309DB92C6B947100FCA36B /* LeaguesModel.swift */ = {isa = PBXFileReference; lastKnownFileType = sourcecode.swift; path = LeaguesModel.swift; sourceTree = "<group>"; };
		18309DBB2C6B94A600FCA36B /* NetworkService.swift */ = {isa = PBXFileReference; lastKnownFileType = sourcecode.swift; path = NetworkService.swift; sourceTree = "<group>"; };
		18309DC32C6B9AA600FCA36B /* DataParser.swift */ = {isa = PBXFileReference; lastKnownFileType = sourcecode.swift; path = DataParser.swift; sourceTree = "<group>"; };
		18309DC52C6B9F4700FCA36B /* Result.swift */ = {isa = PBXFileReference; lastKnownFileType = sourcecode.swift; path = Result.swift; sourceTree = "<group>"; };
		18309DC82C6BB32B00FCA36B /* BGConstans.swift */ = {isa = PBXFileReference; lastKnownFileType = sourcecode.swift; path = BGConstans.swift; sourceTree = "<group>"; };
		18309DCA2C6BD7D300FCA36B /* BasketballModel.swift */ = {isa = PBXFileReference; lastKnownFileType = sourcecode.swift; path = BasketballModel.swift; sourceTree = "<group>"; };
		18309DCD2C6BEABF00FCA36B /* HomeCollectionViewCell.swift */ = {isa = PBXFileReference; lastKnownFileType = sourcecode.swift; path = HomeCollectionViewCell.swift; sourceTree = "<group>"; };
		18309DCE2C6BEABF00FCA36B /* HomeCollectionViewCell.xib */ = {isa = PBXFileReference; lastKnownFileType = file.xib; path = HomeCollectionViewCell.xib; sourceTree = "<group>"; };
		18309DD22C6BEC1900FCA36B /* Table&CollectionsExtinsions.swift */ = {isa = PBXFileReference; fileEncoding = 4; lastKnownFileType = sourcecode.swift; path = "Table&CollectionsExtinsions.swift"; sourceTree = "<group>"; };
		18309DD52C6BED1700FCA36B /* HomeViewModel.swift */ = {isa = PBXFileReference; lastKnownFileType = sourcecode.swift; path = HomeViewModel.swift; sourceTree = "<group>"; };
		18309DD72C6BED4A00FCA36B /* HomeModel.swift */ = {isa = PBXFileReference; lastKnownFileType = sourcecode.swift; path = HomeModel.swift; sourceTree = "<group>"; };
		183FB0782C72375C004ACEB8 /* DateManger.swift */ = {isa = PBXFileReference; lastKnownFileType = sourcecode.swift; path = DateManger.swift; sourceTree = "<group>"; };
		183FB07A2C723934004ACEB8 /* APIParameters.swift */ = {isa = PBXFileReference; lastKnownFileType = sourcecode.swift; path = APIParameters.swift; sourceTree = "<group>"; };
		183FB07D2C725914004ACEB8 /* TeamsModel.swift */ = {isa = PBXFileReference; lastKnownFileType = sourcecode.swift; path = TeamsModel.swift; sourceTree = "<group>"; };
		183FB4B92C74989500BB0992 /* MockNetworkService.swift */ = {isa = PBXFileReference; lastKnownFileType = sourcecode.swift; path = MockNetworkService.swift; sourceTree = "<group>"; };
		183FB4BD2C74AA0D00BB0992 /* LeaguesDetailsViewModelTests.swift */ = {isa = PBXFileReference; lastKnownFileType = sourcecode.swift; path = LeaguesDetailsViewModelTests.swift; sourceTree = "<group>"; };
		183FB4C22C74C1C000BB0992 /* MockManger.swift */ = {isa = PBXFileReference; lastKnownFileType = sourcecode.swift; path = MockManger.swift; sourceTree = "<group>"; };
		183FB4C42C74C26900BB0992 /* MockMangerService.swift */ = {isa = PBXFileReference; lastKnownFileType = sourcecode.swift; path = MockMangerService.swift; sourceTree = "<group>"; };
		183FB4C62C74CB9400BB0992 /* NetworkServiceTesting.swift */ = {isa = PBXFileReference; lastKnownFileType = sourcecode.swift; path = NetworkServiceTesting.swift; sourceTree = "<group>"; };
		183FB4C82C74D15400BB0992 /* CoreDataMangerTest.swift */ = {isa = PBXFileReference; lastKnownFileType = sourcecode.swift; path = CoreDataMangerTest.swift; sourceTree = "<group>"; };
		183FB4CA2C74D4C100BB0992 /* FavModel.swift */ = {isa = PBXFileReference; lastKnownFileType = sourcecode.swift; path = FavModel.swift; sourceTree = "<group>"; };
		183FB4CE2C74E1E700BB0992 /* LeaguesTesting.swift */ = {isa = PBXFileReference; lastKnownFileType = sourcecode.swift; path = LeaguesTesting.swift; sourceTree = "<group>"; };
		183FB4D02C74ED3E00BB0992 /* TeamDetails.swift */ = {isa = PBXFileReference; lastKnownFileType = sourcecode.swift; path = TeamDetails.swift; sourceTree = "<group>"; };
		183FB4D22C74F13200BB0992 /* HomeTesting.swift */ = {isa = PBXFileReference; lastKnownFileType = sourcecode.swift; path = HomeTesting.swift; sourceTree = "<group>"; };
		183FB4D52C75059B00BB0992 /* NetworkChecking.swift */ = {isa = PBXFileReference; lastKnownFileType = sourcecode.swift; path = NetworkChecking.swift; sourceTree = "<group>"; };
		183FB4DB2C7512C800BB0992 /* GamePlayWidgetExtension.appex */ = {isa = PBXFileReference; explicitFileType = "wrapper.app-extension"; includeInIndex = 0; path = GamePlayWidgetExtension.appex; sourceTree = BUILT_PRODUCTS_DIR; };
		183FB4DD2C7512C800BB0992 /* WidgetKit.framework */ = {isa = PBXFileReference; lastKnownFileType = wrapper.framework; name = WidgetKit.framework; path = System/Library/Frameworks/WidgetKit.framework; sourceTree = SDKROOT; };
		183FB4DF2C7512C800BB0992 /* SwiftUI.framework */ = {isa = PBXFileReference; lastKnownFileType = wrapper.framework; name = SwiftUI.framework; path = System/Library/Frameworks/SwiftUI.framework; sourceTree = SDKROOT; };
		183FB4E22C7512C800BB0992 /* GamePlayWidgetBundle.swift */ = {isa = PBXFileReference; lastKnownFileType = sourcecode.swift; path = GamePlayWidgetBundle.swift; sourceTree = "<group>"; };
		183FB4E42C7512C800BB0992 /* GamePlayWidgetLiveActivity.swift */ = {isa = PBXFileReference; lastKnownFileType = sourcecode.swift; path = GamePlayWidgetLiveActivity.swift; sourceTree = "<group>"; };
		183FB4E62C7512C800BB0992 /* GamePlayWidget.swift */ = {isa = PBXFileReference; lastKnownFileType = sourcecode.swift; path = GamePlayWidget.swift; sourceTree = "<group>"; };
		183FB4E82C7512C800BB0992 /* AppIntent.swift */ = {isa = PBXFileReference; lastKnownFileType = sourcecode.swift; path = AppIntent.swift; sourceTree = "<group>"; };
		183FB4EA2C7512CA00BB0992 /* Assets.xcassets */ = {isa = PBXFileReference; lastKnownFileType = folder.assetcatalog; path = Assets.xcassets; sourceTree = "<group>"; };
		183FB4EC2C7512CA00BB0992 /* Info.plist */ = {isa = PBXFileReference; lastKnownFileType = text.plist.xml; path = Info.plist; sourceTree = "<group>"; };
		183FB4F62C75204B00BB0992 /* CheckConnectionTesting.swift */ = {isa = PBXFileReference; lastKnownFileType = sourcecode.swift; path = CheckConnectionTesting.swift; sourceTree = "<group>"; };
		1849FADB2C70280900995D0D /* LeaguesDetailsViewModel.swift */ = {isa = PBXFileReference; lastKnownFileType = sourcecode.swift; path = LeaguesDetailsViewModel.swift; sourceTree = "<group>"; };
		1849FADD2C70296400995D0D /* ComingEventsModel.swift */ = {isa = PBXFileReference; lastKnownFileType = sourcecode.swift; path = ComingEventsModel.swift; sourceTree = "<group>"; };
		186F138C2C6CBEEC00D957AB /* LeaguesVC.swift */ = {isa = PBXFileReference; lastKnownFileType = sourcecode.swift; path = LeaguesVC.swift; sourceTree = "<group>"; };
		186F138F2C6CC56E00D957AB /* HomeCollectionViewUISetup.swift */ = {isa = PBXFileReference; lastKnownFileType = sourcecode.swift; path = HomeCollectionViewUISetup.swift; sourceTree = "<group>"; };
		186F13912C6CD1D000D957AB /* LeaguesViewModel.swift */ = {isa = PBXFileReference; lastKnownFileType = sourcecode.swift; path = LeaguesViewModel.swift; sourceTree = "<group>"; };
		186F13972C6CD2FB00D957AB /* LeaguesCollectionViewCell.swift */ = {isa = PBXFileReference; lastKnownFileType = sourcecode.swift; path = LeaguesCollectionViewCell.swift; sourceTree = "<group>"; };
		186F13982C6CD2FB00D957AB /* LeaguesCollectionViewCell.xib */ = {isa = PBXFileReference; lastKnownFileType = file.xib; path = LeaguesCollectionViewCell.xib; sourceTree = "<group>"; };
		186F13A02C6CE84100D957AB /* LoadImage.swift */ = {isa = PBXFileReference; lastKnownFileType = sourcecode.swift; path = LoadImage.swift; sourceTree = "<group>"; };
		189B56902C6F75A900E1DA8C /* LeaguesCollectionViewUISetup.swift */ = {isa = PBXFileReference; lastKnownFileType = sourcecode.swift; path = LeaguesCollectionViewUISetup.swift; sourceTree = "<group>"; };
		189B56922C6F780100E1DA8C /* CricketModel.swift */ = {isa = PBXFileReference; lastKnownFileType = sourcecode.swift; path = CricketModel.swift; sourceTree = "<group>"; };
		189B56942C6F782A00E1DA8C /* TennisModel.swift */ = {isa = PBXFileReference; lastKnownFileType = sourcecode.swift; path = TennisModel.swift; sourceTree = "<group>"; };
		189B569A2C6F9D7400E1DA8C /* LeagueDetailsVC.swift */ = {isa = PBXFileReference; lastKnownFileType = sourcecode.swift; path = LeagueDetailsVC.swift; sourceTree = "<group>"; };
		189B569F2C6F9FBF00E1DA8C /* FirstSectionNibCell.swift */ = {isa = PBXFileReference; lastKnownFileType = sourcecode.swift; path = FirstSectionNibCell.swift; sourceTree = "<group>"; };
		189B56A02C6F9FBF00E1DA8C /* FirstSectionNibCell.xib */ = {isa = PBXFileReference; lastKnownFileType = file.xib; path = FirstSectionNibCell.xib; sourceTree = "<group>"; };
		18AED2952C73089A003DC646 /* TeamDetailsVC.swift */ = {isa = PBXFileReference; lastKnownFileType = sourcecode.swift; path = TeamDetailsVC.swift; sourceTree = "<group>"; };
		18AED2982C730F30003DC646 /* PlayerNibCell.swift */ = {isa = PBXFileReference; lastKnownFileType = sourcecode.swift; path = PlayerNibCell.swift; sourceTree = "<group>"; };
		18AED2992C730F30003DC646 /* PlayerNibCell.xib */ = {isa = PBXFileReference; lastKnownFileType = file.xib; path = PlayerNibCell.xib; sourceTree = "<group>"; };
		18AED29C2C7343F4003DC646 /* TeamDetailsViewModel.swift */ = {isa = PBXFileReference; lastKnownFileType = sourcecode.swift; path = TeamDetailsViewModel.swift; sourceTree = "<group>"; };
		18AED29F2C737BFD003DC646 /* TeamModel.swift */ = {isa = PBXFileReference; lastKnownFileType = sourcecode.swift; path = TeamModel.swift; sourceTree = "<group>"; };
		18AED2A12C737FB9003DC646 /* PlayerModel.swift */ = {isa = PBXFileReference; lastKnownFileType = sourcecode.swift; path = PlayerModel.swift; sourceTree = "<group>"; };
		18AED2A32C738002003DC646 /* E:DHelperModel.swift */ = {isa = PBXFileReference; fileEncoding = 4; lastKnownFileType = sourcecode.swift; path = "E:DHelperModel.swift"; sourceTree = "<group>"; };
		18AED2A52C738010003DC646 /* CoachModel.swift */ = {isa = PBXFileReference; fileEncoding = 4; lastKnownFileType = sourcecode.swift; path = CoachModel.swift; sourceTree = "<group>"; };
		18AED2A72C738497003DC646 /* TeamResult.swift */ = {isa = PBXFileReference; fileEncoding = 4; lastKnownFileType = sourcecode.swift; path = TeamResult.swift; sourceTree = "<group>"; };
		18AED2AA2C73B535003DC646 /* Extensions.swift */ = {isa = PBXFileReference; lastKnownFileType = sourcecode.swift; path = Extensions.swift; sourceTree = "<group>"; };
		18AED2AE2C73B6FA003DC646 /* LeagueDetailsExtensions.swift */ = {isa = PBXFileReference; lastKnownFileType = sourcecode.swift; path = LeagueDetailsExtensions.swift; sourceTree = "<group>"; };
/* End PBXFileReference section */

/* Begin PBXFrameworksBuildPhase section */
		18309D772C6B8EDC00FCA36B /* Frameworks */ = {
			isa = PBXFrameworksBuildPhase;
			buildActionMask = 2147483647;
			files = (
				186F139E2C6CE6CA00D957AB /* Kingfisher in Frameworks */,
				18309DBF2C6B94E700FCA36B /* Alamofire in Frameworks */,
			);
			runOnlyForDeploymentPostprocessing = 0;
		};
		18309D902C6B8EDE00FCA36B /* Frameworks */ = {
			isa = PBXFrameworksBuildPhase;
			buildActionMask = 2147483647;
			files = (
			);
			runOnlyForDeploymentPostprocessing = 0;
		};
		18309D9A2C6B8EDE00FCA36B /* Frameworks */ = {
			isa = PBXFrameworksBuildPhase;
			buildActionMask = 2147483647;
			files = (
			);
			runOnlyForDeploymentPostprocessing = 0;
		};
		183FB4D82C7512C800BB0992 /* Frameworks */ = {
			isa = PBXFrameworksBuildPhase;
			buildActionMask = 2147483647;
			files = (
				183FB4E02C7512C800BB0992 /* SwiftUI.framework in Frameworks */,
				183FB4DE2C7512C800BB0992 /* WidgetKit.framework in Frameworks */,
			);
			runOnlyForDeploymentPostprocessing = 0;
		};
/* End PBXFrameworksBuildPhase section */

/* Begin PBXGroup section */
		180F3DD22C73F7EE006CD640 /* CoreDataService */ = {
			isa = PBXGroup;
			children = (
				180F3DD32C73F825006CD640 /* CoreDataManager.swift */,
			);
			path = CoreDataService;
			sourceTree = "<group>";
		};
		18309D712C6B8EDC00FCA36B = {
			isa = PBXGroup;
			children = (
				18309D7C2C6B8EDC00FCA36B /* GamePlay */,
				18309D962C6B8EDE00FCA36B /* GamePlayTests */,
				18309DA02C6B8EDE00FCA36B /* GamePlayUITests */,
				183FB4E12C7512C800BB0992 /* GamePlayWidget */,
				183FB4DC2C7512C800BB0992 /* Frameworks */,
				18309D7B2C6B8EDC00FCA36B /* Products */,
			);
			sourceTree = "<group>";
		};
		18309D7B2C6B8EDC00FCA36B /* Products */ = {
			isa = PBXGroup;
			children = (
				18309D7A2C6B8EDC00FCA36B /* GamePlay.app */,
				18309D932C6B8EDE00FCA36B /* GamePlayTests.xctest */,
				18309D9D2C6B8EDE00FCA36B /* GamePlayUITests.xctest */,
				183FB4DB2C7512C800BB0992 /* GamePlayWidgetExtension.appex */,
			);
			name = Products;
			sourceTree = "<group>";
		};
		18309D7C2C6B8EDC00FCA36B /* GamePlay */ = {
			isa = PBXGroup;
			children = (
				18309DD12C6BEBA000FCA36B /* Utilities */,
				18309DB02C6B8F7600FCA36B /* Service */,
				18309DB32C6B8FAA00FCA36B /* Model */,
				18309DB42C6B8FB500FCA36B /* View */,
				18309DB52C6B8FBD00FCA36B /* Moduls */,
				18309D7D2C6B8EDC00FCA36B /* AppDelegate.swift */,
				18309D7F2C6B8EDC00FCA36B /* SceneDelegate.swift */,
				18309D892C6B8EDE00FCA36B /* Assets.xcassets */,
				18309D8E2C6B8EDE00FCA36B /* Info.plist */,
			);
			path = GamePlay;
			sourceTree = "<group>";
		};
		18309D962C6B8EDE00FCA36B /* GamePlayTests */ = {
			isa = PBXGroup;
			children = (
				183FB4C12C74C19600BB0992 /* MockTestWithFakeData */,
				18309D972C6B8EDE00FCA36B /* GamePlayTests.swift */,
				183FB4BD2C74AA0D00BB0992 /* LeaguesDetailsViewModelTests.swift */,
				183FB4C62C74CB9400BB0992 /* NetworkServiceTesting.swift */,
				183FB4C82C74D15400BB0992 /* CoreDataMangerTest.swift */,
				183FB4CE2C74E1E700BB0992 /* LeaguesTesting.swift */,
				183FB4D02C74ED3E00BB0992 /* TeamDetails.swift */,
				183FB4D22C74F13200BB0992 /* HomeTesting.swift */,
				183FB4F62C75204B00BB0992 /* CheckConnectionTesting.swift */,
			);
			path = GamePlayTests;
			sourceTree = "<group>";
		};
		18309DA02C6B8EDE00FCA36B /* GamePlayUITests */ = {
			isa = PBXGroup;
			children = (
				18309DA12C6B8EDE00FCA36B /* GamePlayUITests.swift */,
				18309DA32C6B8EDE00FCA36B /* GamePlayUITestsLaunchTests.swift */,
			);
			path = GamePlayUITests;
			sourceTree = "<group>";
		};
		18309DB02C6B8F7600FCA36B /* Service */ = {
			isa = PBXGroup;
			children = (
				18309DC72C6BB30C00FCA36B /* utilties */,
				18309DB12C6B8F8300FCA36B /* Local */,
				18309DB22C6B8F8A00FCA36B /* Remote */,
			);
			path = Service;
			sourceTree = "<group>";
		};
		18309DB12C6B8F8300FCA36B /* Local */ = {
			isa = PBXGroup;
			children = (
				18309D862C6B8EDC00FCA36B /* GamePlay.xcdatamodeld */,
			);
			path = Local;
			sourceTree = "<group>";
		};
		18309DB22C6B8F8A00FCA36B /* Remote */ = {
			isa = PBXGroup;
			children = (
				18309DC22C6B9A9100FCA36B /* DataParser */,
				18309DBB2C6B94A600FCA36B /* NetworkService.swift */,
				18309DC52C6B9F4700FCA36B /* Result.swift */,
			);
			path = Remote;
			sourceTree = "<group>";
		};
		18309DB32C6B8FAA00FCA36B /* Model */ = {
			isa = PBXGroup;
			children = (
				18309DB92C6B947100FCA36B /* LeaguesModel.swift */,
				18309DCA2C6BD7D300FCA36B /* BasketballModel.swift */,
				18309DD72C6BED4A00FCA36B /* HomeModel.swift */,
				189B56922C6F780100E1DA8C /* CricketModel.swift */,
				189B56942C6F782A00E1DA8C /* TennisModel.swift */,
				1849FADD2C70296400995D0D /* ComingEventsModel.swift */,
				183FB4CA2C74D4C100BB0992 /* FavModel.swift */,
			);
			path = Model;
			sourceTree = "<group>";
		};
		18309DB42C6B8FB500FCA36B /* View */ = {
			isa = PBXGroup;
			children = (
				186F139B2C6CD5C400D957AB /* MainStoryBoard */,
				186F13952C6CD2A400D957AB /* CollectionViewCellsNib */,
			);
			path = View;
			sourceTree = "<group>";
		};
		18309DB52C6B8FBD00FCA36B /* Moduls */ = {
			isa = PBXGroup;
			children = (
				18AED2922C730860003DC646 /* TeamDetails */,
				189B56962C6F9D2600E1DA8C /* LeagueDetails */,
				186F13892C6CBEA600D957AB /* Leagues */,
				18309DB62C6B8FC600FCA36B /* Home */,
			);
			path = Moduls;
			sourceTree = "<group>";
		};
		18309DB62C6B8FC600FCA36B /* Home */ = {
			isa = PBXGroup;
			children = (
				186F138E2C6CC54600D957AB /* Extensions */,
				18309DB82C6B8FDE00FCA36B /* ViewModel */,
				18309DB72C6B8FD100FCA36B /* View */,
			);
			path = Home;
			sourceTree = "<group>";
		};
		18309DB72C6B8FD100FCA36B /* View */ = {
			isa = PBXGroup;
			children = (
				18309D812C6B8EDC00FCA36B /* HomeSportsVC.swift */,
				18309DCC2C6BEA9A00FCA36B /* HomeCell */,
			);
			path = View;
			sourceTree = "<group>";
		};
		18309DB82C6B8FDE00FCA36B /* ViewModel */ = {
			isa = PBXGroup;
			children = (
				18309DD52C6BED1700FCA36B /* HomeViewModel.swift */,
			);
			path = ViewModel;
			sourceTree = "<group>";
		};
		18309DC22C6B9A9100FCA36B /* DataParser */ = {
			isa = PBXGroup;
			children = (
				183FB4B82C74988C00BB0992 /* MockNetworkService */,
				18309DC32C6B9AA600FCA36B /* DataParser.swift */,
			);
			path = DataParser;
			sourceTree = "<group>";
		};
		18309DC72C6BB30C00FCA36B /* utilties */ = {
			isa = PBXGroup;
			children = (
				18309DC82C6BB32B00FCA36B /* BGConstans.swift */,
				183FB07A2C723934004ACEB8 /* APIParameters.swift */,
			);
			path = utilties;
			sourceTree = "<group>";
		};
		18309DCC2C6BEA9A00FCA36B /* HomeCell */ = {
			isa = PBXGroup;
			children = (
				18309DCD2C6BEABF00FCA36B /* HomeCollectionViewCell.swift */,
				18309DCE2C6BEABF00FCA36B /* HomeCollectionViewCell.xib */,
			);
			path = HomeCell;
			sourceTree = "<group>";
		};
		18309DD12C6BEBA000FCA36B /* Utilities */ = {
			isa = PBXGroup;
			children = (
				183FB4D42C75057F00BB0992 /* NetworkChecking */,
				180F3DD22C73F7EE006CD640 /* CoreDataService */,
				183FB0772C72374D004ACEB8 /* DateManger */,
				186F139F2C6CE82400D957AB /* Extensions */,
				18309DD32C6BEC1900FCA36B /* Table&CollectionsExtinsions */,
			);
			path = Utilities;
			sourceTree = "<group>";
		};
		18309DD32C6BEC1900FCA36B /* Table&CollectionsExtinsions */ = {
			isa = PBXGroup;
			children = (
				18309DD22C6BEC1900FCA36B /* Table&CollectionsExtinsions.swift */,
			);
			path = "Table&CollectionsExtinsions";
			sourceTree = "<group>";
		};
		183FB0772C72374D004ACEB8 /* DateManger */ = {
			isa = PBXGroup;
			children = (
				183FB0782C72375C004ACEB8 /* DateManger.swift */,
				180F3DD02C73E788006CD640 /* DataSourceManger.swift */,
			);
			path = DateManger;
			sourceTree = "<group>";
		};
		183FB07C2C725901004ACEB8 /* Model */ = {
			isa = PBXGroup;
			children = (
				183FB07D2C725914004ACEB8 /* TeamsModel.swift */,
			);
			path = Model;
			sourceTree = "<group>";
		};
		183FB4B82C74988C00BB0992 /* MockNetworkService */ = {
			isa = PBXGroup;
			children = (
				183FB4B92C74989500BB0992 /* MockNetworkService.swift */,
			);
			path = MockNetworkService;
			sourceTree = "<group>";
		};
		183FB4C12C74C19600BB0992 /* MockTestWithFakeData */ = {
			isa = PBXGroup;
			children = (
				183FB4C22C74C1C000BB0992 /* MockManger.swift */,
				183FB4C42C74C26900BB0992 /* MockMangerService.swift */,
			);
			path = MockTestWithFakeData;
			sourceTree = "<group>";
		};
		183FB4D42C75057F00BB0992 /* NetworkChecking */ = {
			isa = PBXGroup;
			children = (
				183FB4D52C75059B00BB0992 /* NetworkChecking.swift */,
			);
			path = NetworkChecking;
			sourceTree = "<group>";
		};
		183FB4DC2C7512C800BB0992 /* Frameworks */ = {
			isa = PBXGroup;
			children = (
				183FB4DD2C7512C800BB0992 /* WidgetKit.framework */,
				183FB4DF2C7512C800BB0992 /* SwiftUI.framework */,
			);
			name = Frameworks;
			sourceTree = "<group>";
		};
		183FB4E12C7512C800BB0992 /* GamePlayWidget */ = {
			isa = PBXGroup;
			children = (
				183FB4E22C7512C800BB0992 /* GamePlayWidgetBundle.swift */,
				183FB4E42C7512C800BB0992 /* GamePlayWidgetLiveActivity.swift */,
				183FB4E62C7512C800BB0992 /* GamePlayWidget.swift */,
				183FB4E82C7512C800BB0992 /* AppIntent.swift */,
				183FB4EA2C7512CA00BB0992 /* Assets.xcassets */,
				183FB4EC2C7512CA00BB0992 /* Info.plist */,
			);
			path = GamePlayWidget;
			sourceTree = "<group>";
		};
		186F13892C6CBEA600D957AB /* Leagues */ = {
			isa = PBXGroup;
			children = (
				186F13932C6CD20800D957AB /* Extensions */,
				186F138B2C6CBEC600D957AB /* ViewModel */,
				186F138A2C6CBEBD00D957AB /* View */,
			);
			path = Leagues;
			sourceTree = "<group>";
		};
		186F138A2C6CBEBD00D957AB /* View */ = {
			isa = PBXGroup;
			children = (
				186F138C2C6CBEEC00D957AB /* LeaguesVC.swift */,
			);
			path = View;
			sourceTree = "<group>";
		};
		186F138B2C6CBEC600D957AB /* ViewModel */ = {
			isa = PBXGroup;
			children = (
				186F13912C6CD1D000D957AB /* LeaguesViewModel.swift */,
			);
			path = ViewModel;
			sourceTree = "<group>";
		};
		186F138E2C6CC54600D957AB /* Extensions */ = {
			isa = PBXGroup;
			children = (
				186F138F2C6CC56E00D957AB /* HomeCollectionViewUISetup.swift */,
			);
			path = Extensions;
			sourceTree = "<group>";
		};
		186F13932C6CD20800D957AB /* Extensions */ = {
			isa = PBXGroup;
			children = (
				189B56902C6F75A900E1DA8C /* LeaguesCollectionViewUISetup.swift */,
			);
			path = Extensions;
			sourceTree = "<group>";
		};
		186F13952C6CD2A400D957AB /* CollectionViewCellsNib */ = {
			isa = PBXGroup;
			children = (
				186F13962C6CD2BC00D957AB /* LeaguesNibCell */,
			);
			path = CollectionViewCellsNib;
			sourceTree = "<group>";
		};
		186F13962C6CD2BC00D957AB /* LeaguesNibCell */ = {
			isa = PBXGroup;
			children = (
				186F13972C6CD2FB00D957AB /* LeaguesCollectionViewCell.swift */,
				186F13982C6CD2FB00D957AB /* LeaguesCollectionViewCell.xib */,
			);
			path = LeaguesNibCell;
			sourceTree = "<group>";
		};
		186F139B2C6CD5C400D957AB /* MainStoryBoard */ = {
			isa = PBXGroup;
			children = (
				18309D8B2C6B8EDE00FCA36B /* LaunchScreen.storyboard */,
				18309D832C6B8EDC00FCA36B /* Main.storyboard */,
			);
			path = MainStoryBoard;
			sourceTree = "<group>";
		};
		186F139F2C6CE82400D957AB /* Extensions */ = {
			isa = PBXGroup;
			children = (
				180F3DD52C73F8F8006CD640 /* Converter.swift */,
				186F13A02C6CE84100D957AB /* LoadImage.swift */,
			);
			path = Extensions;
			sourceTree = "<group>";
		};
		189B56962C6F9D2600E1DA8C /* LeagueDetails */ = {
			isa = PBXGroup;
			children = (
				189B56992C6F9D4600E1DA8C /* Extensions */,
				183FB07C2C725901004ACEB8 /* Model */,
				189B56982C6F9D3E00E1DA8C /* ViewModel */,
				189B56972C6F9D3700E1DA8C /* View */,
			);
			path = LeagueDetails;
			sourceTree = "<group>";
		};
		189B56972C6F9D3700E1DA8C /* View */ = {
			isa = PBXGroup;
			children = (
				189B569E2C6F9F4900E1DA8C /* Third Section */,
				189B569D2C6F9F3B00E1DA8C /* SecondSection */,
				189B569C2C6F9F2B00E1DA8C /* FirstSection */,
				189B569A2C6F9D7400E1DA8C /* LeagueDetailsVC.swift */,
			);
			path = View;
			sourceTree = "<group>";
		};
		189B56982C6F9D3E00E1DA8C /* ViewModel */ = {
			isa = PBXGroup;
			children = (
				1849FADB2C70280900995D0D /* LeaguesDetailsViewModel.swift */,
			);
			path = ViewModel;
			sourceTree = "<group>";
		};
		189B56992C6F9D4600E1DA8C /* Extensions */ = {
			isa = PBXGroup;
			children = (
				18AED2AE2C73B6FA003DC646 /* LeagueDetailsExtensions.swift */,
			);
			path = Extensions;
			sourceTree = "<group>";
		};
		189B569C2C6F9F2B00E1DA8C /* FirstSection */ = {
			isa = PBXGroup;
			children = (
				189B569F2C6F9FBF00E1DA8C /* FirstSectionNibCell.swift */,
				189B56A02C6F9FBF00E1DA8C /* FirstSectionNibCell.xib */,
			);
			path = FirstSection;
			sourceTree = "<group>";
		};
		189B569D2C6F9F3B00E1DA8C /* SecondSection */ = {
			isa = PBXGroup;
			children = (
				180421222C6FA7BA002502F7 /* SecondSectionNibCell.swift */,
				180421232C6FA7BA002502F7 /* SecondSectionNibCell.xib */,
			);
			path = SecondSection;
			sourceTree = "<group>";
		};
		189B569E2C6F9F4900E1DA8C /* Third Section */ = {
			isa = PBXGroup;
			children = (
			);
			path = "Third Section";
			sourceTree = "<group>";
		};
		18AED2922C730860003DC646 /* TeamDetails */ = {
			isa = PBXGroup;
			children = (
				18AED2A92C73B528003DC646 /* Extensions */,
				18AED29E2C737BF1003DC646 /* Model */,
				18AED2942C73087D003DC646 /* ViewModel */,
				18AED2932C730875003DC646 /* View */,
			);
			path = TeamDetails;
			sourceTree = "<group>";
		};
		18AED2932C730875003DC646 /* View */ = {
			isa = PBXGroup;
			children = (
				18AED2972C730F12003DC646 /* PlayerNib */,
				18AED2952C73089A003DC646 /* TeamDetailsVC.swift */,
			);
			path = View;
			sourceTree = "<group>";
		};
		18AED2942C73087D003DC646 /* ViewModel */ = {
			isa = PBXGroup;
			children = (
				18AED29C2C7343F4003DC646 /* TeamDetailsViewModel.swift */,
			);
			path = ViewModel;
			sourceTree = "<group>";
		};
		18AED2972C730F12003DC646 /* PlayerNib */ = {
			isa = PBXGroup;
			children = (
				18AED2982C730F30003DC646 /* PlayerNibCell.swift */,
				18AED2992C730F30003DC646 /* PlayerNibCell.xib */,
			);
			path = PlayerNib;
			sourceTree = "<group>";
		};
		18AED29E2C737BF1003DC646 /* Model */ = {
			isa = PBXGroup;
			children = (
				18AED2A72C738497003DC646 /* TeamResult.swift */,
				18AED29F2C737BFD003DC646 /* TeamModel.swift */,
				18AED2A12C737FB9003DC646 /* PlayerModel.swift */,
				18AED2A32C738002003DC646 /* E:DHelperModel.swift */,
				18AED2A52C738010003DC646 /* CoachModel.swift */,
			);
			path = Model;
			sourceTree = "<group>";
		};
		18AED2A92C73B528003DC646 /* Extensions */ = {
			isa = PBXGroup;
			children = (
				18AED2AA2C73B535003DC646 /* Extensions.swift */,
			);
			path = Extensions;
			sourceTree = "<group>";
		};
/* End PBXGroup section */

/* Begin PBXNativeTarget section */
		18309D792C6B8EDC00FCA36B /* GamePlay */ = {
			isa = PBXNativeTarget;
			buildConfigurationList = 18309DA72C6B8EDE00FCA36B /* Build configuration list for PBXNativeTarget "GamePlay" */;
			buildPhases = (
				18309D762C6B8EDC00FCA36B /* Sources */,
				18309D772C6B8EDC00FCA36B /* Frameworks */,
				18309D782C6B8EDC00FCA36B /* Resources */,
				183FB4F32C7512CA00BB0992 /* Embed Foundation Extensions */,
			);
			buildRules = (
			);
			dependencies = (
				183FB4EE2C7512CA00BB0992 /* PBXTargetDependency */,
			);
			name = GamePlay;
			packageProductDependencies = (
				18309DBE2C6B94E700FCA36B /* Alamofire */,
				186F139D2C6CE6CA00D957AB /* Kingfisher */,
			);
			productName = GamePlay;
			productReference = 18309D7A2C6B8EDC00FCA36B /* GamePlay.app */;
			productType = "com.apple.product-type.application";
		};
		18309D922C6B8EDE00FCA36B /* GamePlayTests */ = {
			isa = PBXNativeTarget;
			buildConfigurationList = 18309DAA2C6B8EDE00FCA36B /* Build configuration list for PBXNativeTarget "GamePlayTests" */;
			buildPhases = (
				18309D8F2C6B8EDE00FCA36B /* Sources */,
				18309D902C6B8EDE00FCA36B /* Frameworks */,
				18309D912C6B8EDE00FCA36B /* Resources */,
			);
			buildRules = (
			);
			dependencies = (
				18309D952C6B8EDE00FCA36B /* PBXTargetDependency */,
			);
			name = GamePlayTests;
			productName = GamePlayTests;
			productReference = 18309D932C6B8EDE00FCA36B /* GamePlayTests.xctest */;
			productType = "com.apple.product-type.bundle.unit-test";
		};
		18309D9C2C6B8EDE00FCA36B /* GamePlayUITests */ = {
			isa = PBXNativeTarget;
			buildConfigurationList = 18309DAD2C6B8EDE00FCA36B /* Build configuration list for PBXNativeTarget "GamePlayUITests" */;
			buildPhases = (
				18309D992C6B8EDE00FCA36B /* Sources */,
				18309D9A2C6B8EDE00FCA36B /* Frameworks */,
				18309D9B2C6B8EDE00FCA36B /* Resources */,
			);
			buildRules = (
			);
			dependencies = (
				18309D9F2C6B8EDE00FCA36B /* PBXTargetDependency */,
			);
			name = GamePlayUITests;
			productName = GamePlayUITests;
			productReference = 18309D9D2C6B8EDE00FCA36B /* GamePlayUITests.xctest */;
			productType = "com.apple.product-type.bundle.ui-testing";
		};
		183FB4DA2C7512C800BB0992 /* GamePlayWidgetExtension */ = {
			isa = PBXNativeTarget;
			buildConfigurationList = 183FB4F02C7512CA00BB0992 /* Build configuration list for PBXNativeTarget "GamePlayWidgetExtension" */;
			buildPhases = (
				183FB4D72C7512C800BB0992 /* Sources */,
				183FB4D82C7512C800BB0992 /* Frameworks */,
				183FB4D92C7512C800BB0992 /* Resources */,
			);
			buildRules = (
			);
			dependencies = (
			);
			name = GamePlayWidgetExtension;
			productName = GamePlayWidgetExtension;
			productReference = 183FB4DB2C7512C800BB0992 /* GamePlayWidgetExtension.appex */;
			productType = "com.apple.product-type.app-extension";
		};
/* End PBXNativeTarget section */

/* Begin PBXProject section */
		18309D722C6B8EDC00FCA36B /* Project object */ = {
			isa = PBXProject;
			attributes = {
				BuildIndependentTargetsInParallel = 1;
				LastSwiftUpdateCheck = 1540;
				LastUpgradeCheck = 1540;
				TargetAttributes = {
					18309D792C6B8EDC00FCA36B = {
						CreatedOnToolsVersion = 15.4;
					};
					18309D922C6B8EDE00FCA36B = {
						CreatedOnToolsVersion = 15.4;
						TestTargetID = 18309D792C6B8EDC00FCA36B;
					};
					18309D9C2C6B8EDE00FCA36B = {
						CreatedOnToolsVersion = 15.4;
						TestTargetID = 18309D792C6B8EDC00FCA36B;
					};
					183FB4DA2C7512C800BB0992 = {
						CreatedOnToolsVersion = 15.4;
					};
				};
			};
			buildConfigurationList = 18309D752C6B8EDC00FCA36B /* Build configuration list for PBXProject "GamePlay" */;
			compatibilityVersion = "Xcode 14.0";
			developmentRegion = en;
			hasScannedForEncodings = 0;
			knownRegions = (
				en,
				Base,
			);
			mainGroup = 18309D712C6B8EDC00FCA36B;
			packageReferences = (
				18309DBD2C6B94E700FCA36B /* XCRemoteSwiftPackageReference "Alamofire" */,
				186F139C2C6CE6CA00D957AB /* XCRemoteSwiftPackageReference "Kingfisher" */,
			);
			productRefGroup = 18309D7B2C6B8EDC00FCA36B /* Products */;
			projectDirPath = "";
			projectRoot = "";
			targets = (
				18309D792C6B8EDC00FCA36B /* GamePlay */,
				18309D922C6B8EDE00FCA36B /* GamePlayTests */,
				18309D9C2C6B8EDE00FCA36B /* GamePlayUITests */,
				183FB4DA2C7512C800BB0992 /* GamePlayWidgetExtension */,
			);
		};
/* End PBXProject section */

/* Begin PBXResourcesBuildPhase section */
		18309D782C6B8EDC00FCA36B /* Resources */ = {
			isa = PBXResourcesBuildPhase;
			buildActionMask = 2147483647;
			files = (
				18AED29B2C730F30003DC646 /* PlayerNibCell.xib in Resources */,
				18309D8A2C6B8EDE00FCA36B /* Assets.xcassets in Resources */,
				18309D8D2C6B8EDE00FCA36B /* Base in Resources */,
				189B56A12C6F9FBF00E1DA8C /* FirstSectionNibCell.xib in Resources */,
				18309D852C6B8EDC00FCA36B /* Base in Resources */,
				180421242C6FA7BA002502F7 /* SecondSectionNibCell.xib in Resources */,
				186F139A2C6CD2FB00D957AB /* LeaguesCollectionViewCell.xib in Resources */,
				18309DD02C6BEABF00FCA36B /* HomeCollectionViewCell.xib in Resources */,
			);
			runOnlyForDeploymentPostprocessing = 0;
		};
		18309D912C6B8EDE00FCA36B /* Resources */ = {
			isa = PBXResourcesBuildPhase;
			buildActionMask = 2147483647;
			files = (
			);
			runOnlyForDeploymentPostprocessing = 0;
		};
		18309D9B2C6B8EDE00FCA36B /* Resources */ = {
			isa = PBXResourcesBuildPhase;
			buildActionMask = 2147483647;
			files = (
			);
			runOnlyForDeploymentPostprocessing = 0;
		};
		183FB4D92C7512C800BB0992 /* Resources */ = {
			isa = PBXResourcesBuildPhase;
			buildActionMask = 2147483647;
			files = (
				183FB4EB2C7512CA00BB0992 /* Assets.xcassets in Resources */,
			);
			runOnlyForDeploymentPostprocessing = 0;
		};
/* End PBXResourcesBuildPhase section */

/* Begin PBXSourcesBuildPhase section */
		18309D762C6B8EDC00FCA36B /* Sources */ = {
			isa = PBXSourcesBuildPhase;
			buildActionMask = 2147483647;
			files = (
				18309DC62C6B9F4700FCA36B /* Result.swift in Sources */,
				1849FADE2C70296400995D0D /* ComingEventsModel.swift in Sources */,
				186F13A12C6CE84100D957AB /* LoadImage.swift in Sources */,
				18AED2A42C738002003DC646 /* E:DHelperModel.swift in Sources */,
				180F3DD12C73E788006CD640 /* DataSourceManger.swift in Sources */,
				186F13902C6CC56E00D957AB /* HomeCollectionViewUISetup.swift in Sources */,
				18309DBA2C6B947100FCA36B /* LeaguesModel.swift in Sources */,
				186F13992C6CD2FB00D957AB /* LeaguesCollectionViewCell.swift in Sources */,
				1849FADC2C70280900995D0D /* LeaguesDetailsViewModel.swift in Sources */,
				183FB4D62C75059B00BB0992 /* NetworkChecking.swift in Sources */,
				18309D822C6B8EDC00FCA36B /* HomeSportsVC.swift in Sources */,
				18AED29D2C7343F4003DC646 /* TeamDetailsViewModel.swift in Sources */,
				18309DC42C6B9AA600FCA36B /* DataParser.swift in Sources */,
				186F138D2C6CBEEC00D957AB /* LeaguesVC.swift in Sources */,
				18AED2A02C737BFD003DC646 /* TeamModel.swift in Sources */,
				18309D882C6B8EDC00FCA36B /* GamePlay.xcdatamodeld in Sources */,
				186F13922C6CD1D000D957AB /* LeaguesViewModel.swift in Sources */,
				18309D7E2C6B8EDC00FCA36B /* AppDelegate.swift in Sources */,
				18AED2A62C738010003DC646 /* CoachModel.swift in Sources */,
				183FB07E2C725914004ACEB8 /* TeamsModel.swift in Sources */,
				18309DBC2C6B94A600FCA36B /* NetworkService.swift in Sources */,
				189B56912C6F75A900E1DA8C /* LeaguesCollectionViewUISetup.swift in Sources */,
				189B56932C6F780100E1DA8C /* CricketModel.swift in Sources */,
				180F3DD42C73F825006CD640 /* CoreDataManager.swift in Sources */,
				18309DC92C6BB32B00FCA36B /* BGConstans.swift in Sources */,
				18AED2AF2C73B6FA003DC646 /* LeagueDetailsExtensions.swift in Sources */,
				18309DD82C6BED4A00FCA36B /* HomeModel.swift in Sources */,
				183FB4CB2C74D4C100BB0992 /* FavModel.swift in Sources */,
				183FB07B2C723934004ACEB8 /* APIParameters.swift in Sources */,
				18AED2962C73089A003DC646 /* TeamDetailsVC.swift in Sources */,
				18AED2A82C738497003DC646 /* TeamResult.swift in Sources */,
				18309DCB2C6BD7D300FCA36B /* BasketballModel.swift in Sources */,
				18309DD62C6BED1700FCA36B /* HomeViewModel.swift in Sources */,
				189B569B2C6F9D7400E1DA8C /* LeagueDetailsVC.swift in Sources */,
				180421252C6FA7BA002502F7 /* SecondSectionNibCell.swift in Sources */,
				18AED29A2C730F30003DC646 /* PlayerNibCell.swift in Sources */,
				180F3DD62C73F8F8006CD640 /* Converter.swift in Sources */,
				18309D802C6B8EDC00FCA36B /* SceneDelegate.swift in Sources */,
				18AED2A22C737FB9003DC646 /* PlayerModel.swift in Sources */,
				189B56A22C6F9FBF00E1DA8C /* FirstSectionNibCell.swift in Sources */,
				18AED2AB2C73B535003DC646 /* Extensions.swift in Sources */,
				183FB0792C72375C004ACEB8 /* DateManger.swift in Sources */,
				189B56952C6F782A00E1DA8C /* TennisModel.swift in Sources */,
				183FB4BA2C74989500BB0992 /* MockNetworkService.swift in Sources */,
				18309DCF2C6BEABF00FCA36B /* HomeCollectionViewCell.swift in Sources */,
				18309DD42C6BEC1900FCA36B /* Table&CollectionsExtinsions.swift in Sources */,
			);
			runOnlyForDeploymentPostprocessing = 0;
		};
		18309D8F2C6B8EDE00FCA36B /* Sources */ = {
			isa = PBXSourcesBuildPhase;
			buildActionMask = 2147483647;
			files = (
				183FB4CF2C74E1E700BB0992 /* LeaguesTesting.swift in Sources */,
				183FB4D12C74ED3E00BB0992 /* TeamDetails.swift in Sources */,
				183FB4C52C74C26900BB0992 /* MockMangerService.swift in Sources */,
				183FB4BE2C74AA0D00BB0992 /* LeaguesDetailsViewModelTests.swift in Sources */,
				183FB4D32C74F13200BB0992 /* HomeTesting.swift in Sources */,
				183FB4C92C74D15400BB0992 /* CoreDataMangerTest.swift in Sources */,
				183FB4C72C74CB9400BB0992 /* NetworkServiceTesting.swift in Sources */,
				18309D982C6B8EDE00FCA36B /* GamePlayTests.swift in Sources */,
				183FB4C32C74C1C000BB0992 /* MockManger.swift in Sources */,
				183FB4F72C75204B00BB0992 /* CheckConnectionTesting.swift in Sources */,
			);
			runOnlyForDeploymentPostprocessing = 0;
		};
		18309D992C6B8EDE00FCA36B /* Sources */ = {
			isa = PBXSourcesBuildPhase;
			buildActionMask = 2147483647;
			files = (
				18309DA42C6B8EDE00FCA36B /* GamePlayUITestsLaunchTests.swift in Sources */,
				18309DA22C6B8EDE00FCA36B /* GamePlayUITests.swift in Sources */,
			);
			runOnlyForDeploymentPostprocessing = 0;
		};
		183FB4D72C7512C800BB0992 /* Sources */ = {
			isa = PBXSourcesBuildPhase;
			buildActionMask = 2147483647;
			files = (
				183FB4E52C7512C800BB0992 /* GamePlayWidgetLiveActivity.swift in Sources */,
				183FB4E92C7512C800BB0992 /* AppIntent.swift in Sources */,
				183FB4E72C7512C800BB0992 /* GamePlayWidget.swift in Sources */,
				183FB4E32C7512C800BB0992 /* GamePlayWidgetBundle.swift in Sources */,
			);
			runOnlyForDeploymentPostprocessing = 0;
		};
/* End PBXSourcesBuildPhase section */

/* Begin PBXTargetDependency section */
		18309D952C6B8EDE00FCA36B /* PBXTargetDependency */ = {
			isa = PBXTargetDependency;
			target = 18309D792C6B8EDC00FCA36B /* GamePlay */;
			targetProxy = 18309D942C6B8EDE00FCA36B /* PBXContainerItemProxy */;
		};
		18309D9F2C6B8EDE00FCA36B /* PBXTargetDependency */ = {
			isa = PBXTargetDependency;
			target = 18309D792C6B8EDC00FCA36B /* GamePlay */;
			targetProxy = 18309D9E2C6B8EDE00FCA36B /* PBXContainerItemProxy */;
		};
		183FB4EE2C7512CA00BB0992 /* PBXTargetDependency */ = {
			isa = PBXTargetDependency;
			target = 183FB4DA2C7512C800BB0992 /* GamePlayWidgetExtension */;
			targetProxy = 183FB4ED2C7512CA00BB0992 /* PBXContainerItemProxy */;
		};
/* End PBXTargetDependency section */

/* Begin PBXVariantGroup section */
		18309D832C6B8EDC00FCA36B /* Main.storyboard */ = {
			isa = PBXVariantGroup;
			children = (
				18309D842C6B8EDC00FCA36B /* Base */,
			);
			name = Main.storyboard;
			sourceTree = "<group>";
		};
		18309D8B2C6B8EDE00FCA36B /* LaunchScreen.storyboard */ = {
			isa = PBXVariantGroup;
			children = (
				18309D8C2C6B8EDE00FCA36B /* Base */,
			);
			name = LaunchScreen.storyboard;
			sourceTree = "<group>";
		};
/* End PBXVariantGroup section */

/* Begin XCBuildConfiguration section */
		18309DA52C6B8EDE00FCA36B /* Debug */ = {
			isa = XCBuildConfiguration;
			buildSettings = {
				ALWAYS_SEARCH_USER_PATHS = NO;
				ASSETCATALOG_COMPILER_GENERATE_SWIFT_ASSET_SYMBOL_EXTENSIONS = YES;
				CLANG_ANALYZER_NONNULL = YES;
				CLANG_ANALYZER_NUMBER_OBJECT_CONVERSION = YES_AGGRESSIVE;
				CLANG_CXX_LANGUAGE_STANDARD = "gnu++20";
				CLANG_ENABLE_MODULES = YES;
				CLANG_ENABLE_OBJC_ARC = YES;
				CLANG_ENABLE_OBJC_WEAK = YES;
				CLANG_WARN_BLOCK_CAPTURE_AUTORELEASING = YES;
				CLANG_WARN_BOOL_CONVERSION = YES;
				CLANG_WARN_COMMA = YES;
				CLANG_WARN_CONSTANT_CONVERSION = YES;
				CLANG_WARN_DEPRECATED_OBJC_IMPLEMENTATIONS = YES;
				CLANG_WARN_DIRECT_OBJC_ISA_USAGE = YES_ERROR;
				CLANG_WARN_DOCUMENTATION_COMMENTS = YES;
				CLANG_WARN_EMPTY_BODY = YES;
				CLANG_WARN_ENUM_CONVERSION = YES;
				CLANG_WARN_INFINITE_RECURSION = YES;
				CLANG_WARN_INT_CONVERSION = YES;
				CLANG_WARN_NON_LITERAL_NULL_CONVERSION = YES;
				CLANG_WARN_OBJC_IMPLICIT_RETAIN_SELF = YES;
				CLANG_WARN_OBJC_LITERAL_CONVERSION = YES;
				CLANG_WARN_OBJC_ROOT_CLASS = YES_ERROR;
				CLANG_WARN_QUOTED_INCLUDE_IN_FRAMEWORK_HEADER = YES;
				CLANG_WARN_RANGE_LOOP_ANALYSIS = YES;
				CLANG_WARN_STRICT_PROTOTYPES = YES;
				CLANG_WARN_SUSPICIOUS_MOVE = YES;
				CLANG_WARN_UNGUARDED_AVAILABILITY = YES_AGGRESSIVE;
				CLANG_WARN_UNREACHABLE_CODE = YES;
				CLANG_WARN__DUPLICATE_METHOD_MATCH = YES;
				COPY_PHASE_STRIP = NO;
				DEBUG_INFORMATION_FORMAT = dwarf;
				ENABLE_STRICT_OBJC_MSGSEND = YES;
				ENABLE_TESTABILITY = YES;
				ENABLE_USER_SCRIPT_SANDBOXING = YES;
				GCC_C_LANGUAGE_STANDARD = gnu17;
				GCC_DYNAMIC_NO_PIC = NO;
				GCC_NO_COMMON_BLOCKS = YES;
				GCC_OPTIMIZATION_LEVEL = 0;
				GCC_PREPROCESSOR_DEFINITIONS = (
					"DEBUG=1",
					"$(inherited)",
				);
				GCC_WARN_64_TO_32_BIT_CONVERSION = YES;
				GCC_WARN_ABOUT_RETURN_TYPE = YES_ERROR;
				GCC_WARN_UNDECLARED_SELECTOR = YES;
				GCC_WARN_UNINITIALIZED_AUTOS = YES_AGGRESSIVE;
				GCC_WARN_UNUSED_FUNCTION = YES;
				GCC_WARN_UNUSED_VARIABLE = YES;
				IPHONEOS_DEPLOYMENT_TARGET = 17.5;
				LOCALIZATION_PREFERS_STRING_CATALOGS = YES;
				MTL_ENABLE_DEBUG_INFO = INCLUDE_SOURCE;
				MTL_FAST_MATH = YES;
				ONLY_ACTIVE_ARCH = YES;
				SDKROOT = iphoneos;
				SWIFT_ACTIVE_COMPILATION_CONDITIONS = "DEBUG $(inherited)";
				SWIFT_OPTIMIZATION_LEVEL = "-Onone";
			};
			name = Debug;
		};
		18309DA62C6B8EDE00FCA36B /* Release */ = {
			isa = XCBuildConfiguration;
			buildSettings = {
				ALWAYS_SEARCH_USER_PATHS = NO;
				ASSETCATALOG_COMPILER_GENERATE_SWIFT_ASSET_SYMBOL_EXTENSIONS = YES;
				CLANG_ANALYZER_NONNULL = YES;
				CLANG_ANALYZER_NUMBER_OBJECT_CONVERSION = YES_AGGRESSIVE;
				CLANG_CXX_LANGUAGE_STANDARD = "gnu++20";
				CLANG_ENABLE_MODULES = YES;
				CLANG_ENABLE_OBJC_ARC = YES;
				CLANG_ENABLE_OBJC_WEAK = YES;
				CLANG_WARN_BLOCK_CAPTURE_AUTORELEASING = YES;
				CLANG_WARN_BOOL_CONVERSION = YES;
				CLANG_WARN_COMMA = YES;
				CLANG_WARN_CONSTANT_CONVERSION = YES;
				CLANG_WARN_DEPRECATED_OBJC_IMPLEMENTATIONS = YES;
				CLANG_WARN_DIRECT_OBJC_ISA_USAGE = YES_ERROR;
				CLANG_WARN_DOCUMENTATION_COMMENTS = YES;
				CLANG_WARN_EMPTY_BODY = YES;
				CLANG_WARN_ENUM_CONVERSION = YES;
				CLANG_WARN_INFINITE_RECURSION = YES;
				CLANG_WARN_INT_CONVERSION = YES;
				CLANG_WARN_NON_LITERAL_NULL_CONVERSION = YES;
				CLANG_WARN_OBJC_IMPLICIT_RETAIN_SELF = YES;
				CLANG_WARN_OBJC_LITERAL_CONVERSION = YES;
				CLANG_WARN_OBJC_ROOT_CLASS = YES_ERROR;
				CLANG_WARN_QUOTED_INCLUDE_IN_FRAMEWORK_HEADER = YES;
				CLANG_WARN_RANGE_LOOP_ANALYSIS = YES;
				CLANG_WARN_STRICT_PROTOTYPES = YES;
				CLANG_WARN_SUSPICIOUS_MOVE = YES;
				CLANG_WARN_UNGUARDED_AVAILABILITY = YES_AGGRESSIVE;
				CLANG_WARN_UNREACHABLE_CODE = YES;
				CLANG_WARN__DUPLICATE_METHOD_MATCH = YES;
				COPY_PHASE_STRIP = NO;
				DEBUG_INFORMATION_FORMAT = "dwarf-with-dsym";
				ENABLE_NS_ASSERTIONS = NO;
				ENABLE_STRICT_OBJC_MSGSEND = YES;
				ENABLE_USER_SCRIPT_SANDBOXING = YES;
				GCC_C_LANGUAGE_STANDARD = gnu17;
				GCC_NO_COMMON_BLOCKS = YES;
				GCC_WARN_64_TO_32_BIT_CONVERSION = YES;
				GCC_WARN_ABOUT_RETURN_TYPE = YES_ERROR;
				GCC_WARN_UNDECLARED_SELECTOR = YES;
				GCC_WARN_UNINITIALIZED_AUTOS = YES_AGGRESSIVE;
				GCC_WARN_UNUSED_FUNCTION = YES;
				GCC_WARN_UNUSED_VARIABLE = YES;
				IPHONEOS_DEPLOYMENT_TARGET = 17.5;
				LOCALIZATION_PREFERS_STRING_CATALOGS = YES;
				MTL_ENABLE_DEBUG_INFO = NO;
				MTL_FAST_MATH = YES;
				SDKROOT = iphoneos;
				SWIFT_COMPILATION_MODE = wholemodule;
				VALIDATE_PRODUCT = YES;
			};
			name = Release;
		};
		18309DA82C6B8EDE00FCA36B /* Debug */ = {
			isa = XCBuildConfiguration;
			buildSettings = {
				ALWAYS_EMBED_SWIFT_STANDARD_LIBRARIES = YES;
				ASSETCATALOG_COMPILER_APPICON_NAME = AppIcon;
				ASSETCATALOG_COMPILER_GLOBAL_ACCENT_COLOR_NAME = AccentColor;
				CODE_SIGN_STYLE = Automatic;
				CURRENT_PROJECT_VERSION = 1;
				DEVELOPMENT_TEAM = CZAAVN9JAQ;
				GENERATE_INFOPLIST_FILE = YES;
				INFOPLIST_FILE = GamePlay/Info.plist;
				INFOPLIST_KEY_UIApplicationSupportsIndirectInputEvents = YES;
				INFOPLIST_KEY_UILaunchStoryboardName = LaunchScreen;
				INFOPLIST_KEY_UIMainStoryboardFile = Main;
				INFOPLIST_KEY_UISupportedInterfaceOrientations_iPad = "UIInterfaceOrientationPortrait UIInterfaceOrientationPortraitUpsideDown UIInterfaceOrientationLandscapeLeft UIInterfaceOrientationLandscapeRight";
				INFOPLIST_KEY_UISupportedInterfaceOrientations_iPhone = "UIInterfaceOrientationPortrait UIInterfaceOrientationLandscapeLeft UIInterfaceOrientationLandscapeRight";
				LD_RUNPATH_SEARCH_PATHS = (
					"$(inherited)",
					"@executable_path/Frameworks",
				);
				MARKETING_VERSION = 1.0;
				PRODUCT_BUNDLE_IDENTIFIER = mr.ios.GamePlay;
				PRODUCT_NAME = "$(TARGET_NAME)";
				SUPPORTED_PLATFORMS = "iphoneos iphonesimulator";
				SUPPORTS_MACCATALYST = NO;
				SUPPORTS_MAC_DESIGNED_FOR_IPHONE_IPAD = NO;
				SUPPORTS_XR_DESIGNED_FOR_IPHONE_IPAD = NO;
				SWIFT_EMIT_LOC_STRINGS = YES;
				SWIFT_VERSION = 5.0;
				TARGETED_DEVICE_FAMILY = "1,2";
			};
			name = Debug;
		};
		18309DA92C6B8EDE00FCA36B /* Release */ = {
			isa = XCBuildConfiguration;
			buildSettings = {
				ALWAYS_EMBED_SWIFT_STANDARD_LIBRARIES = YES;
				ASSETCATALOG_COMPILER_APPICON_NAME = AppIcon;
				ASSETCATALOG_COMPILER_GLOBAL_ACCENT_COLOR_NAME = AccentColor;
				CODE_SIGN_STYLE = Automatic;
				CURRENT_PROJECT_VERSION = 1;
				DEVELOPMENT_TEAM = CZAAVN9JAQ;
				GENERATE_INFOPLIST_FILE = YES;
				INFOPLIST_FILE = GamePlay/Info.plist;
				INFOPLIST_KEY_UIApplicationSupportsIndirectInputEvents = YES;
				INFOPLIST_KEY_UILaunchStoryboardName = LaunchScreen;
				INFOPLIST_KEY_UIMainStoryboardFile = Main;
				INFOPLIST_KEY_UISupportedInterfaceOrientations_iPad = "UIInterfaceOrientationPortrait UIInterfaceOrientationPortraitUpsideDown UIInterfaceOrientationLandscapeLeft UIInterfaceOrientationLandscapeRight";
				INFOPLIST_KEY_UISupportedInterfaceOrientations_iPhone = "UIInterfaceOrientationPortrait UIInterfaceOrientationLandscapeLeft UIInterfaceOrientationLandscapeRight";
				LD_RUNPATH_SEARCH_PATHS = (
					"$(inherited)",
					"@executable_path/Frameworks",
				);
				MARKETING_VERSION = 1.0;
				PRODUCT_BUNDLE_IDENTIFIER = mr.ios.GamePlay;
				PRODUCT_NAME = "$(TARGET_NAME)";
				SUPPORTED_PLATFORMS = "iphoneos iphonesimulator";
				SUPPORTS_MACCATALYST = NO;
				SUPPORTS_MAC_DESIGNED_FOR_IPHONE_IPAD = NO;
				SUPPORTS_XR_DESIGNED_FOR_IPHONE_IPAD = NO;
				SWIFT_EMIT_LOC_STRINGS = YES;
				SWIFT_VERSION = 5.0;
				TARGETED_DEVICE_FAMILY = "1,2";
			};
			name = Release;
		};
		18309DAB2C6B8EDE00FCA36B /* Debug */ = {
			isa = XCBuildConfiguration;
			buildSettings = {
				ALWAYS_EMBED_SWIFT_STANDARD_LIBRARIES = YES;
				BUNDLE_LOADER = "$(TEST_HOST)";
				CODE_SIGN_STYLE = Automatic;
				CURRENT_PROJECT_VERSION = 1;
				DEVELOPMENT_TEAM = CZAAVN9JAQ;
				GENERATE_INFOPLIST_FILE = YES;
				IPHONEOS_DEPLOYMENT_TARGET = 17.5;
				MARKETING_VERSION = 1.0;
				PRODUCT_BUNDLE_IDENTIFIER = mr.ios.GamePlayTests;
				PRODUCT_NAME = "$(TARGET_NAME)";
				SWIFT_EMIT_LOC_STRINGS = NO;
				SWIFT_VERSION = 5.0;
				TARGETED_DEVICE_FAMILY = "1,2";
				TEST_HOST = "$(BUILT_PRODUCTS_DIR)/GamePlay.app/$(BUNDLE_EXECUTABLE_FOLDER_PATH)/GamePlay";
			};
			name = Debug;
		};
		18309DAC2C6B8EDE00FCA36B /* Release */ = {
			isa = XCBuildConfiguration;
			buildSettings = {
				ALWAYS_EMBED_SWIFT_STANDARD_LIBRARIES = YES;
				BUNDLE_LOADER = "$(TEST_HOST)";
				CODE_SIGN_STYLE = Automatic;
				CURRENT_PROJECT_VERSION = 1;
				DEVELOPMENT_TEAM = CZAAVN9JAQ;
				GENERATE_INFOPLIST_FILE = YES;
				IPHONEOS_DEPLOYMENT_TARGET = 17.5;
				MARKETING_VERSION = 1.0;
				PRODUCT_BUNDLE_IDENTIFIER = mr.ios.GamePlayTests;
				PRODUCT_NAME = "$(TARGET_NAME)";
				SWIFT_EMIT_LOC_STRINGS = NO;
				SWIFT_VERSION = 5.0;
				TARGETED_DEVICE_FAMILY = "1,2";
				TEST_HOST = "$(BUILT_PRODUCTS_DIR)/GamePlay.app/$(BUNDLE_EXECUTABLE_FOLDER_PATH)/GamePlay";
			};
			name = Release;
		};
		18309DAE2C6B8EDE00FCA36B /* Debug */ = {
			isa = XCBuildConfiguration;
			buildSettings = {
				ALWAYS_EMBED_SWIFT_STANDARD_LIBRARIES = YES;
				CODE_SIGN_STYLE = Automatic;
				CURRENT_PROJECT_VERSION = 1;
				DEVELOPMENT_TEAM = CZAAVN9JAQ;
				GENERATE_INFOPLIST_FILE = YES;
				MARKETING_VERSION = 1.0;
				PRODUCT_BUNDLE_IDENTIFIER = mr.ios.GamePlayUITests;
				PRODUCT_NAME = "$(TARGET_NAME)";
				SWIFT_EMIT_LOC_STRINGS = NO;
				SWIFT_VERSION = 5.0;
				TARGETED_DEVICE_FAMILY = "1,2";
				TEST_TARGET_NAME = GamePlay;
			};
			name = Debug;
		};
		18309DAF2C6B8EDE00FCA36B /* Release */ = {
			isa = XCBuildConfiguration;
			buildSettings = {
				ALWAYS_EMBED_SWIFT_STANDARD_LIBRARIES = YES;
				CODE_SIGN_STYLE = Automatic;
				CURRENT_PROJECT_VERSION = 1;
				DEVELOPMENT_TEAM = CZAAVN9JAQ;
				GENERATE_INFOPLIST_FILE = YES;
				MARKETING_VERSION = 1.0;
				PRODUCT_BUNDLE_IDENTIFIER = mr.ios.GamePlayUITests;
				PRODUCT_NAME = "$(TARGET_NAME)";
				SWIFT_EMIT_LOC_STRINGS = NO;
				SWIFT_VERSION = 5.0;
				TARGETED_DEVICE_FAMILY = "1,2";
				TEST_TARGET_NAME = GamePlay;
			};
			name = Release;
		};
		183FB4F12C7512CA00BB0992 /* Debug */ = {
			isa = XCBuildConfiguration;
			buildSettings = {
				ASSETCATALOG_COMPILER_GLOBAL_ACCENT_COLOR_NAME = AccentColor;
				ASSETCATALOG_COMPILER_WIDGET_BACKGROUND_COLOR_NAME = WidgetBackground;
				CODE_SIGN_STYLE = Automatic;
				CURRENT_PROJECT_VERSION = 1;
				DEVELOPMENT_ASSET_PATHS = "";
				DEVELOPMENT_TEAM = CZAAVN9JAQ;
				GENERATE_INFOPLIST_FILE = YES;
				INFOPLIST_FILE = GamePlayWidget/Info.plist;
				INFOPLIST_KEY_CFBundleDisplayName = GamePlayWidget;
				INFOPLIST_KEY_NSHumanReadableCopyright = "";
				LD_RUNPATH_SEARCH_PATHS = (
					"$(inherited)",
					"@executable_path/Frameworks",
					"@executable_path/../../Frameworks",
				);
				MARKETING_VERSION = 1.0;
				PRODUCT_BUNDLE_IDENTIFIER = mr.ios.GamePlay.GamePlayWidget;
				PRODUCT_NAME = "$(TARGET_NAME)";
				SKIP_INSTALL = YES;
				SWIFT_EMIT_LOC_STRINGS = YES;
				SWIFT_VERSION = 5.0;
				TARGETED_DEVICE_FAMILY = "1,2";
			};
			name = Debug;
		};
		183FB4F22C7512CA00BB0992 /* Release */ = {
			isa = XCBuildConfiguration;
			buildSettings = {
				ASSETCATALOG_COMPILER_GLOBAL_ACCENT_COLOR_NAME = AccentColor;
				ASSETCATALOG_COMPILER_WIDGET_BACKGROUND_COLOR_NAME = WidgetBackground;
				CODE_SIGN_STYLE = Automatic;
				CURRENT_PROJECT_VERSION = 1;
				DEVELOPMENT_ASSET_PATHS = "";
				DEVELOPMENT_TEAM = CZAAVN9JAQ;
				GENERATE_INFOPLIST_FILE = YES;
				INFOPLIST_FILE = GamePlayWidget/Info.plist;
				INFOPLIST_KEY_CFBundleDisplayName = GamePlayWidget;
				INFOPLIST_KEY_NSHumanReadableCopyright = "";
				LD_RUNPATH_SEARCH_PATHS = (
					"$(inherited)",
					"@executable_path/Frameworks",
					"@executable_path/../../Frameworks",
				);
				MARKETING_VERSION = 1.0;
				PRODUCT_BUNDLE_IDENTIFIER = mr.ios.GamePlay.GamePlayWidget;
				PRODUCT_NAME = "$(TARGET_NAME)";
				SKIP_INSTALL = YES;
				SWIFT_EMIT_LOC_STRINGS = YES;
				SWIFT_VERSION = 5.0;
				TARGETED_DEVICE_FAMILY = "1,2";
			};
			name = Release;
		};
/* End XCBuildConfiguration section */

/* Begin XCConfigurationList section */
		18309D752C6B8EDC00FCA36B /* Build configuration list for PBXProject "GamePlay" */ = {
			isa = XCConfigurationList;
			buildConfigurations = (
				18309DA52C6B8EDE00FCA36B /* Debug */,
				18309DA62C6B8EDE00FCA36B /* Release */,
			);
			defaultConfigurationIsVisible = 0;
			defaultConfigurationName = Release;
		};
		18309DA72C6B8EDE00FCA36B /* Build configuration list for PBXNativeTarget "GamePlay" */ = {
			isa = XCConfigurationList;
			buildConfigurations = (
				18309DA82C6B8EDE00FCA36B /* Debug */,
				18309DA92C6B8EDE00FCA36B /* Release */,
			);
			defaultConfigurationIsVisible = 0;
			defaultConfigurationName = Release;
		};
		18309DAA2C6B8EDE00FCA36B /* Build configuration list for PBXNativeTarget "GamePlayTests" */ = {
			isa = XCConfigurationList;
			buildConfigurations = (
				18309DAB2C6B8EDE00FCA36B /* Debug */,
				18309DAC2C6B8EDE00FCA36B /* Release */,
			);
			defaultConfigurationIsVisible = 0;
			defaultConfigurationName = Release;
		};
		18309DAD2C6B8EDE00FCA36B /* Build configuration list for PBXNativeTarget "GamePlayUITests" */ = {
			isa = XCConfigurationList;
			buildConfigurations = (
				18309DAE2C6B8EDE00FCA36B /* Debug */,
				18309DAF2C6B8EDE00FCA36B /* Release */,
			);
			defaultConfigurationIsVisible = 0;
			defaultConfigurationName = Release;
		};
		183FB4F02C7512CA00BB0992 /* Build configuration list for PBXNativeTarget "GamePlayWidgetExtension" */ = {
			isa = XCConfigurationList;
			buildConfigurations = (
				183FB4F12C7512CA00BB0992 /* Debug */,
				183FB4F22C7512CA00BB0992 /* Release */,
			);
			defaultConfigurationIsVisible = 0;
			defaultConfigurationName = Release;
		};
/* End XCConfigurationList section */

/* Begin XCRemoteSwiftPackageReference section */
		18309DBD2C6B94E700FCA36B /* XCRemoteSwiftPackageReference "Alamofire" */ = {
			isa = XCRemoteSwiftPackageReference;
			repositoryURL = "https://github.com/Alamofire/Alamofire";
			requirement = {
				kind = upToNextMajorVersion;
				minimumVersion = 5.9.1;
			};
		};
		186F139C2C6CE6CA00D957AB /* XCRemoteSwiftPackageReference "Kingfisher" */ = {
			isa = XCRemoteSwiftPackageReference;
			repositoryURL = "https://github.com/onevcat/Kingfisher.git";
			requirement = {
				kind = upToNextMajorVersion;
				minimumVersion = 7.12.0;
			};
		};
/* End XCRemoteSwiftPackageReference section */

/* Begin XCSwiftPackageProductDependency section */
		18309DBE2C6B94E700FCA36B /* Alamofire */ = {
			isa = XCSwiftPackageProductDependency;
			package = 18309DBD2C6B94E700FCA36B /* XCRemoteSwiftPackageReference "Alamofire" */;
			productName = Alamofire;
		};
		186F139D2C6CE6CA00D957AB /* Kingfisher */ = {
			isa = XCSwiftPackageProductDependency;
			package = 186F139C2C6CE6CA00D957AB /* XCRemoteSwiftPackageReference "Kingfisher" */;
			productName = Kingfisher;
		};
/* End XCSwiftPackageProductDependency section */

/* Begin XCVersionGroup section */
		18309D862C6B8EDC00FCA36B /* GamePlay.xcdatamodeld */ = {
			isa = XCVersionGroup;
			children = (
				18309D872C6B8EDC00FCA36B /* GamePlay.xcdatamodel */,
			);
			currentVersion = 18309D872C6B8EDC00FCA36B /* GamePlay.xcdatamodel */;
			path = GamePlay.xcdatamodeld;
			sourceTree = "<group>";
			versionGroupType = wrapper.xcdatamodel;
		};
/* End XCVersionGroup section */
	};
	rootObject = 18309D722C6B8EDC00FCA36B /* Project object */;
}
